
Microsoft Visual Studio Solution File, Format Version 12.00
# Visual Studio Version 16
VisualStudioVersion = 16.0.30406.217
MinimumVisualStudioVersion = 10.0.40219.1
Project("{FAE04EC0-301F-11D3-BF4B-00C04F79EFBC}") = "CRUD_ActionResult", "CRUD_ActionResult\CRUD_ActionResult.csproj", "{8D23943C-0D46-4F28-987A-554E453CF929}"
EndProject
Global
	GlobalSection(SolutionConfigurationPlatforms) = preSolution
		Debug|Any CPU = Debug|Any CPU
		Release|Any CPU = Release|Any CPU
	EndGlobalSection
	GlobalSection(ProjectConfigurationPlatforms) = postSolution
		{8D23943C-0D46-4F28-987A-554E453CF929}.Debug|Any CPU.ActiveCfg = Debug|Any CPU
		{8D23943C-0D46-4F28-987A-554E453CF929}.Debug|Any CPU.Build.0 = Debug|Any CPU
		{8D23943C-0D46-4F28-987A-554E453CF929}.Release|Any CPU.ActiveCfg = Release|Any CPU
		{8D23943C-0D46-4F28-987A-554E453CF929}.Release|Any CPU.Build.0 = Release|Any CPU
	EndGlobalSection
	GlobalSection(SolutionProperties) = preSolution
		HideSolutionNode = FALSE
	EndGlobalSection
	GlobalSection(ExtensibilityGlobals) = postSolution
		SolutionGuid = {7FA3F302-A8DE-4834-8E8E-100AD04AF7B4}
	EndGlobalSection
EndGlobal
